
Microsoft Visual Studio Solution File, Format Version 12.00
# Visual Studio Version 17
VisualStudioVersion = 17.14.36705.20
MinimumVisualStudioVersion = 10.0.40219.1
Project("{C9674DCB-5085-4A16-B785-4C70DD1589BD}") = "project", "project\project.dtproj", "{4A9617ED-4179-76EE-98E5-E55528C0AFD4}"
EndProject
Global
	GlobalSection(SolutionConfigurationPlatforms) = preSolution
		Development|Default = Development|Default
	EndGlobalSection
	GlobalSection(ProjectConfigurationPlatforms) = postSolution
		{4A9617ED-4179-76EE-98E5-E55528C0AFD4}.Development|Default.ActiveCfg = Development
		{4A9617ED-4179-76EE-98E5-E55528C0AFD4}.Development|Default.Build.0 = Development
	EndGlobalSection
	GlobalSection(SolutionProperties) = preSolution
		HideSolutionNode = FALSE
	EndGlobalSection
	GlobalSection(ExtensibilityGlobals) = postSolution
		SolutionGuid = {4968D777-580C-46E7-BF16-326FADEEA53D}
	EndGlobalSection
EndGlobal
